// !$*UTF8*$!
{
	archiveVersion = 1;
	classes = {
	};
	objectVersion = 50;
	objects = {

/* Begin PBXBuildFile section */
		F3ABFFE8255DE1A300FD0A5E /* main.cpp in Sources */ = {isa = PBXBuildFile; fileRef = F3ABFFE7255DE1A300FD0A5E /* main.cpp */; };
		F3ABFFF0255DE6DB00FD0A5E /* split.cpp in Sources */ = {isa = PBXBuildFile; fileRef = F3ABFFEE255DE6DB00FD0A5E /* split.cpp */; };
		F3ABFFF3255DE97700FD0A5E /* border.cpp in Sources */ = {isa = PBXBuildFile; fileRef = F3ABFFF1255DE97700FD0A5E /* border.cpp */; };
/* End PBXBuildFile section */

/* Begin PBXCopyFilesBuildPhase section */
		F3ABFFE2255DE1A300FD0A5E /* CopyFiles */ = {
			isa = PBXCopyFilesBuildPhase;
			buildActionMask = 2147483647;
			dstPath = /usr/share/man/man1/;
			dstSubfolderSpec = 0;
			files = (
			);
			runOnlyForDeploymentPostprocessing = 1;
		};
/* End PBXCopyFilesBuildPhase section */

/* Begin PBXFileReference section */
		F3ABFFE4255DE1A300FD0A5E /* stringplay */ = {isa = PBXFileReference; explicitFileType = "compiled.mach-o.executable"; includeInIndex = 0; path = stringplay; sourceTree = BUILT_PRODUCTS_DIR; };
		F3ABFFE7255DE1A300FD0A5E /* main.cpp */ = {isa = PBXFileReference; lastKnownFileType = sourcecode.cpp.cpp; path = main.cpp; sourceTree = "<group>"; };
		F3ABFFEE255DE6DB00FD0A5E /* split.cpp */ = {isa = PBXFileReference; lastKnownFileType = sourcecode.cpp.cpp; path = split.cpp; sourceTree = "<group>"; };
		F3ABFFEF255DE6DB00FD0A5E /* split.hpp */ = {isa = PBXFileReference; lastKnownFileType = sourcecode.cpp.h; path = split.hpp; sourceTree = "<group>"; };
		F3ABFFF1255DE97700FD0A5E /* border.cpp */ = {isa = PBXFileReference; lastKnownFileType = sourcecode.cpp.cpp; path = border.cpp; sourceTree = "<group>"; };
		F3ABFFF2255DE97700FD0A5E /* border.hpp */ = {isa = PBXFileReference; lastKnownFileType = sourcecode.cpp.h; path = border.hpp; sourceTree = "<group>"; };
/* End PBXFileReference section */

/* Begin PBXFrameworksBuildPhase section */
		F3ABFFE1255DE1A300FD0A5E /* Frameworks */ = {
			isa = PBXFrameworksBuildPhase;
			buildActionMask = 2147483647;
			files = (
			);
			runOnlyForDeploymentPostprocessing = 0;
		};
/* End PBXFrameworksBuildPhase section */

/* Begin PBXGroup section */
		F3ABFFDB255DE1A300FD0A5E = {
			isa = PBXGroup;
			children = (
				F3ABFFE6255DE1A300FD0A5E /* stringplay */,
				F3ABFFE5255DE1A300FD0A5E /* Products */,
			);
			sourceTree = "<group>";
		};
		F3ABFFE5255DE1A300FD0A5E /* Products */ = {
			isa = PBXGroup;
			children = (
				F3ABFFE4255DE1A300FD0A5E /* stringplay */,
			);
			name = Products;
			sourceTree = "<group>";
		};
		F3ABFFE6255DE1A300FD0A5E /* stringplay */ = {
			isa = PBXGroup;
			children = (
				F3ABFFE7255DE1A300FD0A5E /* main.cpp */,
				F3ABFFEE255DE6DB00FD0A5E /* split.cpp */,
				F3ABFFEF255DE6DB00FD0A5E /* split.hpp */,
				F3ABFFF1255DE97700FD0A5E /* border.cpp */,
				F3ABFFF2255DE97700FD0A5E /* border.hpp */,
			);
			path = stringplay;
			sourceTree = "<group>";
		};
/* End PBXGroup section */

/* Begin PBXNativeTarget section */
		F3ABFFE3255DE1A300FD0A5E /* stringplay */ = {
			isa = PBXNativeTarget;
			buildConfigurationList = F3ABFFEB255DE1A300FD0A5E /* Build configuration list for PBXNativeTarget "stringplay" */;
			buildPhases = (
				F3ABFFE0255DE1A300FD0A5E /* Sources */,
				F3ABFFE1255DE1A300FD0A5E /* Frameworks */,
				F3ABFFE2255DE1A300FD0A5E /* CopyFiles */,
			);
			buildRules = (
			);
			dependencies = (
			);
			name = stringplay;
			productName = stringplay;
			productReference = F3ABFFE4255DE1A300FD0A5E /* stringplay */;
			productType = "com.apple.product-type.tool";
		};
/* End PBXNativeTarget section */

/* Begin PBXProject section */
		F3ABFFDC255DE1A300FD0A5E /* Project object */ = {
			isa = PBXProject;
			attributes = {
				LastUpgradeCheck = 1130;
				ORGANIZATIONNAME = "Massive Dynamics";
				TargetAttributes = {
					F3ABFFE3255DE1A300FD0A5E = {
						CreatedOnToolsVersion = 11.3.1;
					};
				};
			};
			buildConfigurationList = F3ABFFDF255DE1A300FD0A5E /* Build configuration list for PBXProject "stringplay" */;
			compatibilityVersion = "Xcode 9.3";
			developmentRegion = en;
			hasScannedForEncodings = 0;
			knownRegions = (
				en,
				Base,
			);
			mainGroup = F3ABFFDB255DE1A300FD0A5E;
			productRefGroup = F3ABFFE5255DE1A300FD0A5E /* Products */;
			projectDirPath = "";
			projectRoot = "";
			targets = (
				F3ABFFE3255DE1A300FD0A5E /* stringplay */,
			);
		};
/* End PBXProject section */

/* Begin PBXSourcesBuildPhase section */
		F3ABFFE0255DE1A300FD0A5E /* Sources */ = {
			isa = PBXSourcesBuildPhase;
			buildActionMask = 2147483647;
			files = (
				F3ABFFF0255DE6DB00FD0A5E /* split.cpp in Sources */,
				F3ABFFF3255DE97700FD0A5E /* border.cpp in Sources */,
				F3ABFFE8255DE1A300FD0A5E /* main.cpp in Sources */,
			);
			runOnlyForDeploymentPostprocessing = 0;
		};
/* End PBXSourcesBuildPhase section */

/* Begin XCBuildConfiguration section */
		F3ABFFE9255DE1A300FD0A5E /* Debug */ = {
			isa = XCBuildConfiguration;
			buildSettings = {
				ALWAYS_SEARCH_USER_PATHS = NO;
				CLANG_ANALYZER_NONNULL = YES;
				CLANG_ANALYZER_NUMBER_OBJECT_CONVERSION = YES_AGGRESSIVE;
				CLANG_CXX_LANGUAGE_STANDARD = "gnu++14";
				CLANG_CXX_LIBRARY = "libc++";
				CLANG_ENABLE_MODULES = YES;
				CLANG_ENABLE_OBJC_ARC = YES;
				CLANG_ENABLE_OBJC_WEAK = YES;
				CLANG_WARN_BLOCK_CAPTURE_AUTORELEASING = YES;
				CLANG_WARN_BOOL_CONVERSION = YES;
				CLANG_WARN_COMMA = YES;
				CLANG_WARN_CONSTANT_CONVERSION = YES;
				CLANG_WARN_DEPRECATED_OBJC_IMPLEMENTATIONS = YES;
				CLANG_WARN_DIRECT_OBJC_ISA_USAGE = YES_ERROR;
				CLANG_WARN_DOCUMENTATION_COMMENTS = YES;
				CLANG_WARN_EMPTY_BODY = YES;
				CLANG_WARN_ENUM_CONVERSION = YES;
				CLANG_WARN_INFINITE_RECURSION = YES;
				CLANG_WARN_INT_CONVERSION = YES;
				CLANG_WARN_NON_LITERAL_NULL_CONVERSION = YES;
				CLANG_WARN_OBJC_IMPLICIT_RETAIN_SELF = YES;
				CLANG_WARN_OBJC_LITERAL_CONVERSION = YES;
				CLANG_WARN_OBJC_ROOT_CLASS = YES_ERROR;
				CLANG_WARN_RANGE_LOOP_ANALYSIS = YES;
				CLANG_WARN_STRICT_PROTOTYPES = YES;
				CLANG_WARN_SUSPICIOUS_MOVE = YES;
				CLANG_WARN_UNGUARDED_AVAILABILITY = YES_AGGRESSIVE;
				CLANG_WARN_UNREACHABLE_CODE = YES;
				CLANG_WARN__DUPLICATE_METHOD_MATCH = YES;
				COPY_PHASE_STRIP = NO;
				DEBUG_INFORMATION_FORMAT = dwarf;
				ENABLE_STRICT_OBJC_MSGSEND = YES;
				ENABLE_TESTABILITY = YES;
				GCC_C_LANGUAGE_STANDARD = gnu11;
				GCC_DYNAMIC_NO_PIC = NO;
				GCC_NO_COMMON_BLOCKS = YES;
				GCC_OPTIMIZATION_LEVEL = 0;
				GCC_PREPROCESSOR_DEFINITIONS = (
					"DEBUG=1",
					"$(inherited)",
				);
				GCC_WARN_64_TO_32_BIT_CONVERSION = YES;
				GCC_WARN_ABOUT_RETURN_TYPE = YES_ERROR;
				GCC_WARN_UNDECLARED_SELECTOR = YES;
				GCC_WARN_UNINITIALIZED_AUTOS = YES_AGGRESSIVE;
				GCC_WARN_UNUSED_FUNCTION = YES;
				GCC_WARN_UNUSED_VARIABLE = YES;
				MACOSX_DEPLOYMENT_TARGET = 10.15;
				MTL_ENABLE_DEBUG_INFO = INCLUDE_SOURCE;
				MTL_FAST_MATH = YES;
				ONLY_ACTIVE_ARCH = YES;
				SDKROOT = macosx;
			};
			name = Debug;
		};
		F3ABFFEA255DE1A300FD0A5E /* Release */ = {
			isa = XCBuildConfiguration;
			buildSettings = {
				ALWAYS_SEARCH_USER_PATHS = NO;
				CLANG_ANALYZER_NONNULL = YES;
				CLANG_ANALYZER_NUMBER_OBJECT_CONVERSION = YES_AGGRESSIVE;
				CLANG_CXX_LANGUAGE_STANDARD = "gnu++14";
				CLANG_CXX_LIBRARY = "libc++";
				CLANG_ENABLE_MODULES = YES;
				CLANG_ENABLE_OBJC_ARC = YES;
				CLANG_ENABLE_OBJC_WEAK = YES;
				CLANG_WARN_BLOCK_CAPTURE_AUTORELEASING = YES;
				CLANG_WARN_BOOL_CONVERSION = YES;
				CLANG_WARN_COMMA = YES;
				CLANG_WARN_CONSTANT_CONVERSION = YES;
				CLANG_WARN_DEPRECATED_OBJC_IMPLEMENTATIONS = YES;
				CLANG_WARN_DIRECT_OBJC_ISA_USAGE = YES_ERROR;
				CLANG_WARN_DOCUMENTATION_COMMENTS = YES;
				CLANG_WARN_EMPTY_BODY = YES;
				CLANG_WARN_ENUM_CONVERSION = YES;
				CLANG_WARN_INFINITE_RECURSION = YES;
				CLANG_WARN_INT_CONVERSION = YES;
				CLANG_WARN_NON_LITERAL_NULL_CONVERSION = YES;
				CLANG_WARN_OBJC_IMPLICIT_RETAIN_SELF = YES;
				CLANG_WARN_OBJC_LITERAL_CONVERSION = YES;
				CLANG_WARN_OBJC_ROOT_CLASS = YES_ERROR;
				CLANG_WARN_RANGE_LOOP_ANALYSIS = YES;
				CLANG_WARN_STRICT_PROTOTYPES = YES;
				CLANG_WARN_SUSPICIOUS_MOVE = YES;
				CLANG_WARN_UNGUARDED_AVAILABILITY = YES_AGGRESSIVE;
				CLANG_WARN_UNREACHABLE_CODE = YES;
				CLANG_WARN__DUPLICATE_METHOD_MATCH = YES;
				COPY_PHASE_STRIP = NO;
				DEBUG_INFORMATION_FORMAT = "dwarf-with-dsym";
				ENABLE_NS_ASSERTIONS = NO;
				ENABLE_STRICT_OBJC_MSGSEND = YES;
				GCC_C_LANGUAGE_STANDARD = gnu11;
				GCC_NO_COMMON_BLOCKS = YES;
				GCC_WARN_64_TO_32_BIT_CONVERSION = YES;
				GCC_WARN_ABOUT_RETURN_TYPE = YES_ERROR;
				GCC_WARN_UNDECLARED_SELECTOR = YES;
				GCC_WARN_UNINITIALIZED_AUTOS = YES_AGGRESSIVE;
				GCC_WARN_UNUSED_FUNCTION = YES;
				GCC_WARN_UNUSED_VARIABLE = YES;
				MACOSX_DEPLOYMENT_TARGET = 10.15;
				MTL_ENABLE_DEBUG_INFO = NO;
				MTL_FAST_MATH = YES;
				SDKROOT = macosx;
			};
			name = Release;
		};
		F3ABFFEC255DE1A300FD0A5E /* Debug */ = {
			isa = XCBuildConfiguration;
			buildSettings = {
				CODE_SIGN_STYLE = Automatic;
				PRODUCT_NAME = "$(TARGET_NAME)";
			};
			name = Debug;
		};
		F3ABFFED255DE1A300FD0A5E /* Release */ = {
			isa = XCBuildConfiguration;
			buildSettings = {
				CODE_SIGN_STYLE = Automatic;
				PRODUCT_NAME = "$(TARGET_NAME)";
			};
			name = Release;
		};
/* End XCBuildConfiguration section */

/* Begin XCConfigurationList section */
		F3ABFFDF255DE1A300FD0A5E /* Build configuration list for PBXProject "stringplay" */ = {
			isa = XCConfigurationList;
			buildConfigurations = (
				F3ABFFE9255DE1A300FD0A5E /* Debug */,
				F3ABFFEA255DE1A300FD0A5E /* Release */,
			);
			defaultConfigurationIsVisible = 0;
			defaultConfigurationName = Release;
		};
		F3ABFFEB255DE1A300FD0A5E /* Build configuration list for PBXNativeTarget "stringplay" */ = {
			isa = XCConfigurationList;
			buildConfigurations = (
				F3ABFFEC255DE1A300FD0A5E /* Debug */,
				F3ABFFED255DE1A300FD0A5E /* Release */,
			);
			defaultConfigurationIsVisible = 0;
			defaultConfigurationName = Release;
		};
/* End XCConfigurationList section */
	};
	rootObject = F3ABFFDC255DE1A300FD0A5E /* Project object */;
}
